// !$*UTF8*$!
{
	archiveVersion = 1;
	classes = {
	};
	objectVersion = 56;
	objects = {

/* Begin PBXBuildFile section */
		DD5C35302A85CC2A004A9C60 /* preworkIOSbackground.jpeg in Resources */ = {isa = PBXBuildFile; fileRef = DD5C352F2A85CC2A004A9C60 /* preworkIOSbackground.jpeg */; };
		DDE8470B2A5E00E0001CC9A1 /* AppDelegate.swift in Sources */ = {isa = PBXBuildFile; fileRef = DDE8470A2A5E00E0001CC9A1 /* AppDelegate.swift */; };
		DDE8470D2A5E00E0001CC9A1 /* SceneDelegate.swift in Sources */ = {isa = PBXBuildFile; fileRef = DDE8470C2A5E00E0001CC9A1 /* SceneDelegate.swift */; };
		DDE8470F2A5E00E0001CC9A1 /* ViewController.swift in Sources */ = {isa = PBXBuildFile; fileRef = DDE8470E2A5E00E0001CC9A1 /* ViewController.swift */; };
		DDE847122A5E00E0001CC9A1 /* Main.storyboard in Resources */ = {isa = PBXBuildFile; fileRef = DDE847102A5E00E0001CC9A1 /* Main.storyboard */; };
		DDE847142A5E00E5001CC9A1 /* Assets.xcassets in Resources */ = {isa = PBXBuildFile; fileRef = DDE847132A5E00E5001CC9A1 /* Assets.xcassets */; };
		DDE847172A5E00E5001CC9A1 /* LaunchScreen.storyboard in Resources */ = {isa = PBXBuildFile; fileRef = DDE847152A5E00E5001CC9A1 /* LaunchScreen.storyboard */; };
/* End PBXBuildFile section */

/* Begin PBXFileReference section */
		DD5C352F2A85CC2A004A9C60 /* preworkIOSbackground.jpeg */ = {isa = PBXFileReference; lastKnownFileType = image.jpeg; name = preworkIOSbackground.jpeg; path = ../../preworkIOSbackground.jpeg; sourceTree = "<group>"; };
		DDE847072A5E00E0001CC9A1 /* preworkios.app */ = {isa = PBXFileReference; explicitFileType = wrapper.application; includeInIndex = 0; path = preworkios.app; sourceTree = BUILT_PRODUCTS_DIR; };
		DDE8470A2A5E00E0001CC9A1 /* AppDelegate.swift */ = {isa = PBXFileReference; lastKnownFileType = sourcecode.swift; path = AppDelegate.swift; sourceTree = "<group>"; };
		DDE8470C2A5E00E0001CC9A1 /* SceneDelegate.swift */ = {isa = PBXFileReference; lastKnownFileType = sourcecode.swift; path = SceneDelegate.swift; sourceTree = "<group>"; };
		DDE8470E2A5E00E0001CC9A1 /* ViewController.swift */ = {isa = PBXFileReference; lastKnownFileType = sourcecode.swift; path = ViewController.swift; sourceTree = "<group>"; };
		DDE847112A5E00E0001CC9A1 /* Base */ = {isa = PBXFileReference; lastKnownFileType = file.storyboard; name = Base; path = Base.lproj/Main.storyboard; sourceTree = "<group>"; };
		DDE847132A5E00E5001CC9A1 /* Assets.xcassets */ = {isa = PBXFileReference; lastKnownFileType = folder.assetcatalog; path = Assets.xcassets; sourceTree = "<group>"; };
		DDE847162A5E00E5001CC9A1 /* Base */ = {isa = PBXFileReference; lastKnownFileType = file.storyboard; name = Base; path = Base.lproj/LaunchScreen.storyboard; sourceTree = "<group>"; };
		DDE847182A5E00E5001CC9A1 /* Info.plist */ = {isa = PBXFileReference; lastKnownFileType = text.plist.xml; path = Info.plist; sourceTree = "<group>"; };
/* End PBXFileReference section */

/* Begin PBXFrameworksBuildPhase section */
		DDE847042A5E00E0001CC9A1 /* Frameworks */ = {
			isa = PBXFrameworksBuildPhase;
			buildActionMask = 2147483647;
			files = (
			);
			runOnlyForDeploymentPostprocessing = 0;
		};
/* End PBXFrameworksBuildPhase section */

/* Begin PBXGroup section */
		DDE846FE2A5E00E0001CC9A1 = {
			isa = PBXGroup;
			children = (
				DDE847092A5E00E0001CC9A1 /* preworkios */,
				DDE847082A5E00E0001CC9A1 /* Products */,
			);
			sourceTree = "<group>";
		};
		DDE847082A5E00E0001CC9A1 /* Products */ = {
			isa = PBXGroup;
			children = (
				DDE847072A5E00E0001CC9A1 /* preworkios.app */,
			);
			name = Products;
			sourceTree = "<group>";
		};
		DDE847092A5E00E0001CC9A1 /* preworkios */ = {
			isa = PBXGroup;
			children = (
				DDE8470A2A5E00E0001CC9A1 /* AppDelegate.swift */,
				DDE8470C2A5E00E0001CC9A1 /* SceneDelegate.swift */,
				DDE8470E2A5E00E0001CC9A1 /* ViewController.swift */,
				DDE847102A5E00E0001CC9A1 /* Main.storyboard */,
				DD5C352F2A85CC2A004A9C60 /* preworkIOSbackground.jpeg */,
				DDE847132A5E00E5001CC9A1 /* Assets.xcassets */,
				DDE847152A5E00E5001CC9A1 /* LaunchScreen.storyboard */,
				DDE847182A5E00E5001CC9A1 /* Info.plist */,
			);
			path = preworkios;
			sourceTree = "<group>";
		};
/* End PBXGroup section */

/* Begin PBXNativeTarget section */
		DDE847062A5E00E0001CC9A1 /* preworkios */ = {
			isa = PBXNativeTarget;
			buildConfigurationList = DDE8471B2A5E00E5001CC9A1 /* Build configuration list for PBXNativeTarget "preworkios" */;
			buildPhases = (
				DDE847032A5E00E0001CC9A1 /* Sources */,
				DDE847042A5E00E0001CC9A1 /* Frameworks */,
				DDE847052A5E00E0001CC9A1 /* Resources */,
			);
			buildRules = (
			);
			dependencies = (
			);
			name = preworkios;
			productName = preworkios;
			productReference = DDE847072A5E00E0001CC9A1 /* preworkios.app */;
			productType = "com.apple.product-type.application";
		};
/* End PBXNativeTarget section */

/* Begin PBXProject section */
		DDE846FF2A5E00E0001CC9A1 /* Project object */ = {
			isa = PBXProject;
			attributes = {
				BuildIndependentTargetsInParallel = 1;
				LastSwiftUpdateCheck = 1430;
				LastUpgradeCheck = 1430;
				TargetAttributes = {
					DDE847062A5E00E0001CC9A1 = {
						CreatedOnToolsVersion = 14.3.1;
					};
				};
			};
			buildConfigurationList = DDE847022A5E00E0001CC9A1 /* Build configuration list for PBXProject "preworkios" */;
			compatibilityVersion = "Xcode 14.0";
			developmentRegion = en;
			hasScannedForEncodings = 0;
			knownRegions = (
				en,
				Base,
			);
			mainGroup = DDE846FE2A5E00E0001CC9A1;
			productRefGroup = DDE847082A5E00E0001CC9A1 /* Products */;
			projectDirPath = "";
			projectRoot = "";
			targets = (
				DDE847062A5E00E0001CC9A1 /* preworkios */,
			);
		};
/* End PBXProject section */

/* Begin PBXResourcesBuildPhase section */
		DDE847052A5E00E0001CC9A1 /* Resources */ = {
			isa = PBXResourcesBuildPhase;
			buildActionMask = 2147483647;
			files = (
				DDE847172A5E00E5001CC9A1 /* LaunchScreen.storyboard in Resources */,
				DDE847142A5E00E5001CC9A1 /* Assets.xcassets in Resources */,
				DD5C35302A85CC2A004A9C60 /* preworkIOSbackground.jpeg in Resources */,
				DDE847122A5E00E0001CC9A1 /* Main.storyboard in Resources */,
			);
			runOnlyForDeploymentPostprocessing = 0;
		};
/* End PBXResourcesBuildPhase section */

/* Begin PBXSourcesBuildPhase section */
		DDE847032A5E00E0001CC9A1 /* Sources */ = {
			isa = PBXSourcesBuildPhase;
			buildActionMask = 2147483647;
			files = (
				DDE8470F2A5E00E0001CC9A1 /* ViewController.swift in Sources */,
				DDE8470B2A5E00E0001CC9A1 /* AppDelegate.swift in Sources */,
				DDE8470D2A5E00E0001CC9A1 /* SceneDelegate.swift in Sources */,
			);
			runOnlyForDeploymentPostprocessing = 0;
		};
/* End PBXSourcesBuildPhase section */

/* Begin PBXVariantGroup section */
		DDE847102A5E00E0001CC9A1 /* Main.storyboard */ = {
			isa = PBXVariantGroup;
			children = (
				DDE847112A5E00E0001CC9A1 /* Base */,
			);
			name = Main.storyboard;
			sourceTree = "<group>";
		};
		DDE847152A5E00E5001CC9A1 /* LaunchScreen.storyboard */ = {
			isa = PBXVariantGroup;
			children = (
				DDE847162A5E00E5001CC9A1 /* Base */,
			);
			name = LaunchScreen.storyboard;
			sourceTree = "<group>";
		};
/* End PBXVariantGroup section */

/* Begin XCBuildConfiguration section */
		DDE847192A5E00E5001CC9A1 /* Debug */ = {
			isa = XCBuildConfiguration;
			buildSettings = {
				ALWAYS_SEARCH_USER_PATHS = NO;
				CLANG_ANALYZER_NONNULL = YES;
				CLANG_ANALYZER_NUMBER_OBJECT_CONVERSION = YES_AGGRESSIVE;
				CLANG_CXX_LANGUAGE_STANDARD = "gnu++20";
				CLANG_ENABLE_MODULES = YES;
				CLANG_ENABLE_OBJC_ARC = YES;
				CLANG_ENABLE_OBJC_WEAK = YES;
				CLANG_WARN_BLOCK_CAPTURE_AUTORELEASING = YES;
				CLANG_WARN_BOOL_CONVERSION = YES;
				CLANG_WARN_COMMA = YES;
				CLANG_WARN_CONSTANT_CONVERSION = YES;
				CLANG_WARN_DEPRECATED_OBJC_IMPLEMENTATIONS = YES;
				CLANG_WARN_DIRECT_OBJC_ISA_USAGE = YES_ERROR;
				CLANG_WARN_DOCUMENTATION_COMMENTS = YES;
				CLANG_WARN_EMPTY_BODY = YES;
				CLANG_WARN_ENUM_CONVERSION = YES;
				CLANG_WARN_INFINITE_RECURSION = YES;
				CLANG_WARN_INT_CONVERSION = YES;
				CLANG_WARN_NON_LITERAL_NULL_CONVERSION = YES;
				CLANG_WARN_OBJC_IMPLICIT_RETAIN_SELF = YES;
				CLANG_WARN_OBJC_LITERAL_CONVERSION = YES;
				CLANG_WARN_OBJC_ROOT_CLASS = YES_ERROR;
				CLANG_WARN_QUOTED_INCLUDE_IN_FRAMEWORK_HEADER = YES;
				CLANG_WARN_RANGE_LOOP_ANALYSIS = YES;
				CLANG_WARN_STRICT_PROTOTYPES = YES;
				CLANG_WARN_SUSPICIOUS_MOVE = YES;
				CLANG_WARN_UNGUARDED_AVAILABILITY = YES_AGGRESSIVE;
				CLANG_WARN_UNREACHABLE_CODE = YES;
				CLANG_WARN__DUPLICATE_METHOD_MATCH = YES;
				COPY_PHASE_STRIP = NO;
				DEBUG_INFORMATION_FORMAT = dwarf;
				ENABLE_STRICT_OBJC_MSGSEND = YES;
				ENABLE_TESTABILITY = YES;
				GCC_C_LANGUAGE_STANDARD = gnu11;
				GCC_DYNAMIC_NO_PIC = NO;
				GCC_NO_COMMON_BLOCKS = YES;
				GCC_OPTIMIZATION_LEVEL = 0;
				GCC_PREPROCESSOR_DEFINITIONS = (
					"DEBUG=1",
					"$(inherited)",
				);
				GCC_WARN_64_TO_32_BIT_CONVERSION = YES;
				GCC_WARN_ABOUT_RETURN_TYPE = YES_ERROR;
				GCC_WARN_UNDECLARED_SELECTOR = YES;
				GCC_WARN_UNINITIALIZED_AUTOS = YES_AGGRESSIVE;
				GCC_WARN_UNUSED_FUNCTION = YES;
				GCC_WARN_UNUSED_VARIABLE = YES;
				IPHONEOS_DEPLOYMENT_TARGET = 16.4;
				MTL_ENABLE_DEBUG_INFO = INCLUDE_SOURCE;
				MTL_FAST_MATH = YES;
				ONLY_ACTIVE_ARCH = YES;
				SDKROOT = iphoneos;
				SWIFT_ACTIVE_COMPILATION_CONDITIONS = DEBUG;
				SWIFT_OPTIMIZATION_LEVEL = "-Onone";
			};
			name = Debug;
		};
		DDE8471A2A5E00E5001CC9A1 /* Release */ = {
			isa = XCBuildConfiguration;
			buildSettings = {
				ALWAYS_SEARCH_USER_PATHS = NO;
				CLANG_ANALYZER_NONNULL = YES;
				CLANG_ANALYZER_NUMBER_OBJECT_CONVERSION = YES_AGGRESSIVE;
				CLANG_CXX_LANGUAGE_STANDARD = "gnu++20";
				CLANG_ENABLE_MODULES = YES;
				CLANG_ENABLE_OBJC_ARC = YES;
				CLANG_ENABLE_OBJC_WEAK = YES;
				CLANG_WARN_BLOCK_CAPTURE_AUTORELEASING = YES;
				CLANG_WARN_BOOL_CONVERSION = YES;
				CLANG_WARN_COMMA = YES;
				CLANG_WARN_CONSTANT_CONVERSION = YES;
				CLANG_WARN_DEPRECATED_OBJC_IMPLEMENTATIONS = YES;
				CLANG_WARN_DIRECT_OBJC_ISA_USAGE = YES_ERROR;
				CLANG_WARN_DOCUMENTATION_COMMENTS = YES;
				CLANG_WARN_EMPTY_BODY = YES;
				CLANG_WARN_ENUM_CONVERSION = YES;
				CLANG_WARN_INFINITE_RECURSION = YES;
				CLANG_WARN_INT_CONVERSION = YES;
				CLANG_WARN_NON_LITERAL_NULL_CONVERSION = YES;
				CLANG_WARN_OBJC_IMPLICIT_RETAIN_SELF = YES;
				CLANG_WARN_OBJC_LITERAL_CONVERSION = YES;
				CLANG_WARN_OBJC_ROOT_CLASS = YES_ERROR;
				CLANG_WARN_QUOTED_INCLUDE_IN_FRAMEWORK_HEADER = YES;
				CLANG_WARN_RANGE_LOOP_ANALYSIS = YES;
				CLANG_WARN_STRICT_PROTOTYPES = YES;
				CLANG_WARN_SUSPICIOUS_MOVE = YES;
				CLANG_WARN_UNGUARDED_AVAILABILITY = YES_AGGRESSIVE;
				CLANG_WARN_UNREACHABLE_CODE = YES;
				CLANG_WARN__DUPLICATE_METHOD_MATCH = YES;
				COPY_PHASE_STRIP = NO;
				DEBUG_INFORMATION_FORMAT = "dwarf-with-dsym";
				ENABLE_NS_ASSERTIONS = NO;
				ENABLE_STRICT_OBJC_MSGSEND = YES;
				GCC_C_LANGUAGE_STANDARD = gnu11;
				GCC_NO_COMMON_BLOCKS = YES;
				GCC_WARN_64_TO_32_BIT_CONVERSION = YES;
				GCC_WARN_ABOUT_RETURN_TYPE = YES_ERROR;
				GCC_WARN_UNDECLARED_SELECTOR = YES;
				GCC_WARN_UNINITIALIZED_AUTOS = YES_AGGRESSIVE;
				GCC_WARN_UNUSED_FUNCTION = YES;
				GCC_WARN_UNUSED_VARIABLE = YES;
				IPHONEOS_DEPLOYMENT_TARGET = 16.4;
				MTL_ENABLE_DEBUG_INFO = NO;
				MTL_FAST_MATH = YES;
				SDKROOT = iphoneos;
				SWIFT_COMPILATION_MODE = wholemodule;
				SWIFT_OPTIMIZATION_LEVEL = "-O";
				VALIDATE_PRODUCT = YES;
			};
			name = Release;
		};
		DDE8471C2A5E00E5001CC9A1 /* Debug */ = {
			isa = XCBuildConfiguration;
			buildSettings = {
				ASSETCATALOG_COMPILER_APPICON_NAME = AppIcon;
				ASSETCATALOG_COMPILER_GLOBAL_ACCENT_COLOR_NAME = AccentColor;
				CODE_SIGN_STYLE = Automatic;
				CURRENT_PROJECT_VERSION = 1;
				DEVELOPMENT_TEAM = V9XH8K36LJ;
				GENERATE_INFOPLIST_FILE = YES;
				INFOPLIST_FILE = preworkios/Info.plist;
				INFOPLIST_KEY_UIApplicationSupportsIndirectInputEvents = YES;
				INFOPLIST_KEY_UILaunchStoryboardName = LaunchScreen;
				INFOPLIST_KEY_UIMainStoryboardFile = Main;
				INFOPLIST_KEY_UISupportedInterfaceOrientations_iPad = "UIInterfaceOrientationPortrait UIInterfaceOrientationPortraitUpsideDown UIInterfaceOrientationLandscapeLeft UIInterfaceOrientationLandscapeRight";
				INFOPLIST_KEY_UISupportedInterfaceOrientations_iPhone = "UIInterfaceOrientationPortrait UIInterfaceOrientationLandscapeLeft UIInterfaceOrientationLandscapeRight";
				LD_RUNPATH_SEARCH_PATHS = (
					"$(inherited)",
					"@executable_path/Frameworks",
				);
				MARKETING_VERSION = 1.0;
				PRODUCT_BUNDLE_IDENTIFIER = WijdaneMifdal.preworkios;
				PRODUCT_NAME = "$(TARGET_NAME)";
				SWIFT_EMIT_LOC_STRINGS = YES;
				SWIFT_VERSION = 5.0;
				TARGETED_DEVICE_FAMILY = "1,2";
			};
			name = Debug;
		};
		DDE8471D2A5E00E5001CC9A1 /* Release */ = {
			isa = XCBuildConfiguration;
			buildSettings = {
				ASSETCATALOG_COMPILER_APPICON_NAME = AppIcon;
				ASSETCATALOG_COMPILER_GLOBAL_ACCENT_COLOR_NAME = AccentColor;
				CODE_SIGN_STYLE = Automatic;
				CURRENT_PROJECT_VERSION = 1;
				DEVELOPMENT_TEAM = V9XH8K36LJ;
				GENERATE_INFOPLIST_FILE = YES;
				INFOPLIST_FILE = preworkios/Info.plist;
				INFOPLIST_KEY_UIApplicationSupportsIndirectInputEvents = YES;
				INFOPLIST_KEY_UILaunchStoryboardName = LaunchScreen;
				INFOPLIST_KEY_UIMainStoryboardFile = Main;
				INFOPLIST_KEY_UISupportedInterfaceOrientations_iPad = "UIInterfaceOrientationPortrait UIInterfaceOrientationPortraitUpsideDown UIInterfaceOrientationLandscapeLeft UIInterfaceOrientationLandscapeRight";
				INFOPLIST_KEY_UISupportedInterfaceOrientations_iPhone = "UIInterfaceOrientationPortrait UIInterfaceOrientationLandscapeLeft UIInterfaceOrientationLandscapeRight";
				LD_RUNPATH_SEARCH_PATHS = (
					"$(inherited)",
					"@executable_path/Frameworks",
				);
				MARKETING_VERSION = 1.0;
				PRODUCT_BUNDLE_IDENTIFIER = WijdaneMifdal.preworkios;
				PRODUCT_NAME = "$(TARGET_NAME)";
				SWIFT_EMIT_LOC_STRINGS = YES;
				SWIFT_VERSION = 5.0;
				TARGETED_DEVICE_FAMILY = "1,2";
			};
			name = Release;
		};
/* End XCBuildConfiguration section */

/* Begin XCConfigurationList section */
		DDE847022A5E00E0001CC9A1 /* Build configuration list for PBXProject "preworkios" */ = {
			isa = XCConfigurationList;
			buildConfigurations = (
				DDE847192A5E00E5001CC9A1 /* Debug */,
				DDE8471A2A5E00E5001CC9A1 /* Release */,
			);
			defaultConfigurationIsVisible = 0;
			defaultConfigurationName = Release;
		};
		DDE8471B2A5E00E5001CC9A1 /* Build configuration list for PBXNativeTarget "preworkios" */ = {
			isa = XCConfigurationList;
			buildConfigurations = (
				DDE8471C2A5E00E5001CC9A1 /* Debug */,
				DDE8471D2A5E00E5001CC9A1 /* Release */,
			);
			defaultConfigurationIsVisible = 0;
			defaultConfigurationName = Release;
		};
/* End XCConfigurationList section */
	};
	rootObject = DDE846FF2A5E00E0001CC9A1 /* Project object */;
}
